
Microsoft Visual Studio Solution File, Format Version 12.00
# Visual Studio 15
VisualStudioVersion = 15.0.27004.2010
MinimumVisualStudioVersion = 10.0.40219.1
Project("{FAE04EC0-301F-11D3-BF4B-00C04F79EFBC}") = "AltSourceBankingLibrary", "AltSoureBankingLibrary\AltSourceBankingLibrary.csproj", "{48AC0006-4250-4271-B842-88E0B90E45E8}"
EndProject
Project("{FAE04EC0-301F-11D3-BF4B-00C04F79EFBC}") = "AltSourceBankingLedger", "AltSourceBankingLedger\AltSourceBankingLedger.csproj", "{BCA1846C-4532-46AB-8664-B09BB7AE2565}"
EndProject
Global
	GlobalSection(SolutionConfigurationPlatforms) = preSolution
		Debug|Any CPU = Debug|Any CPU
		Release|Any CPU = Release|Any CPU
	EndGlobalSection
	GlobalSection(ProjectConfigurationPlatforms) = postSolution
		{48AC0006-4250-4271-B842-88E0B90E45E8}.Debug|Any CPU.ActiveCfg = Debug|Any CPU
		{48AC0006-4250-4271-B842-88E0B90E45E8}.Debug|Any CPU.Build.0 = Debug|Any CPU
		{48AC0006-4250-4271-B842-88E0B90E45E8}.Release|Any CPU.ActiveCfg = Release|Any CPU
		{48AC0006-4250-4271-B842-88E0B90E45E8}.Release|Any CPU.Build.0 = Release|Any CPU
		{BCA1846C-4532-46AB-8664-B09BB7AE2565}.Debug|Any CPU.ActiveCfg = Debug|Any CPU
		{BCA1846C-4532-46AB-8664-B09BB7AE2565}.Debug|Any CPU.Build.0 = Debug|Any CPU
		{BCA1846C-4532-46AB-8664-B09BB7AE2565}.Release|Any CPU.ActiveCfg = Release|Any CPU
		{BCA1846C-4532-46AB-8664-B09BB7AE2565}.Release|Any CPU.Build.0 = Release|Any CPU
	EndGlobalSection
	GlobalSection(SolutionProperties) = preSolution
		HideSolutionNode = FALSE
	EndGlobalSection
	GlobalSection(ExtensibilityGlobals) = postSolution
		SolutionGuid = {07EAA370-3861-467B-94C9-9ECDAD9F8F54}
	EndGlobalSection
EndGlobal
